
Microsoft Visual Studio Solution File, Format Version 12.00
# Visual Studio Version 17
VisualStudioVersion = 17.4.33213.308
MinimumVisualStudioVersion = 10.0.40219.1
Project("{9A19103F-16F7-4668-BE54-9A1E7A4F7556}") = "RimLangKit", "RimLangKit.csproj", "{1EA90D52-515C-4EAB-B106-F25FDA2826BD}"
	ProjectSection(ProjectDependencies) = postProject
		{82CE75FD-D7EC-4F97-9631-B9E4CC2A8FD7} = {82CE75FD-D7EC-4F97-9631-B9E4CC2A8FD7}
	EndProjectSection
EndProject
Project("{9A19103F-16F7-4668-BE54-9A1E7A4F7556}") = "LanguageUpdate", "LanguageUpdate\LanguageUpdate.csproj", "{445BFC05-BEFF-45B7-BC3E-CE028494D86A}"
EndProject
Project("{9A19103F-16F7-4668-BE54-9A1E7A4F7556}") = "TextExporter", "TextExporter\TextExporter.csproj", "{49EE699B-E71F-45A5-A681-3F4930569C26}"
EndProject
Project("{9A19103F-16F7-4668-BE54-9A1E7A4F7556}") = "RimLanguageCore", "RimLanguageCore\RimLanguageCore.csproj", "{82CE75FD-D7EC-4F97-9631-B9E4CC2A8FD7}"
EndProject
Global
	GlobalSection(SolutionConfigurationPlatforms) = preSolution
		Debug|Any CPU = Debug|Any CPU
		Debug|x64 = Debug|x64
		Release|Any CPU = Release|Any CPU
		Release|x64 = Release|x64
	EndGlobalSection
	GlobalSection(ProjectConfigurationPlatforms) = postSolution
		{1EA90D52-515C-4EAB-B106-F25FDA2826BD}.Debug|Any CPU.ActiveCfg = Debug|x64
		{1EA90D52-515C-4EAB-B106-F25FDA2826BD}.Debug|Any CPU.Build.0 = Debug|x64
		{1EA90D52-515C-4EAB-B106-F25FDA2826BD}.Debug|x64.ActiveCfg = Debug|x64
		{1EA90D52-515C-4EAB-B106-F25FDA2826BD}.Debug|x64.Build.0 = Debug|x64
		{1EA90D52-515C-4EAB-B106-F25FDA2826BD}.Release|Any CPU.ActiveCfg = Release|x64
		{1EA90D52-515C-4EAB-B106-F25FDA2826BD}.Release|Any CPU.Build.0 = Release|x64
		{1EA90D52-515C-4EAB-B106-F25FDA2826BD}.Release|x64.ActiveCfg = Release|x64
		{1EA90D52-515C-4EAB-B106-F25FDA2826BD}.Release|x64.Build.0 = Release|x64
		{445BFC05-BEFF-45B7-BC3E-CE028494D86A}.Debug|Any CPU.ActiveCfg = Debug|Any CPU
		{445BFC05-BEFF-45B7-BC3E-CE028494D86A}.Debug|Any CPU.Build.0 = Debug|Any CPU
		{445BFC05-BEFF-45B7-BC3E-CE028494D86A}.Debug|x64.ActiveCfg = Debug|Any CPU
		{445BFC05-BEFF-45B7-BC3E-CE028494D86A}.Debug|x64.Build.0 = Debug|Any CPU
		{445BFC05-BEFF-45B7-BC3E-CE028494D86A}.Release|Any CPU.ActiveCfg = Release|Any CPU
		{445BFC05-BEFF-45B7-BC3E-CE028494D86A}.Release|Any CPU.Build.0 = Release|Any CPU
		{445BFC05-BEFF-45B7-BC3E-CE028494D86A}.Release|x64.ActiveCfg = Release|Any CPU
		{445BFC05-BEFF-45B7-BC3E-CE028494D86A}.Release|x64.Build.0 = Release|Any CPU
		{49EE699B-E71F-45A5-A681-3F4930569C26}.Debug|Any CPU.ActiveCfg = Debug|Any CPU
		{49EE699B-E71F-45A5-A681-3F4930569C26}.Debug|Any CPU.Build.0 = Debug|Any CPU
		{49EE699B-E71F-45A5-A681-3F4930569C26}.Debug|x64.ActiveCfg = Debug|Any CPU
		{49EE699B-E71F-45A5-A681-3F4930569C26}.Debug|x64.Build.0 = Debug|Any CPU
		{49EE699B-E71F-45A5-A681-3F4930569C26}.Release|Any CPU.ActiveCfg = Release|Any CPU
		{49EE699B-E71F-45A5-A681-3F4930569C26}.Release|Any CPU.Build.0 = Release|Any CPU
		{49EE699B-E71F-45A5-A681-3F4930569C26}.Release|x64.ActiveCfg = Release|Any CPU
		{49EE699B-E71F-45A5-A681-3F4930569C26}.Release|x64.Build.0 = Release|Any CPU
		{82CE75FD-D7EC-4F97-9631-B9E4CC2A8FD7}.Debug|Any CPU.ActiveCfg = Debug|Any CPU
		{82CE75FD-D7EC-4F97-9631-B9E4CC2A8FD7}.Debug|Any CPU.Build.0 = Debug|Any CPU
		{82CE75FD-D7EC-4F97-9631-B9E4CC2A8FD7}.Debug|x64.ActiveCfg = Debug|Any CPU
		{82CE75FD-D7EC-4F97-9631-B9E4CC2A8FD7}.Debug|x64.Build.0 = Debug|Any CPU
		{82CE75FD-D7EC-4F97-9631-B9E4CC2A8FD7}.Release|Any CPU.ActiveCfg = Release|Any CPU
		{82CE75FD-D7EC-4F97-9631-B9E4CC2A8FD7}.Release|Any CPU.Build.0 = Release|Any CPU
		{82CE75FD-D7EC-4F97-9631-B9E4CC2A8FD7}.Release|x64.ActiveCfg = Release|Any CPU
		{82CE75FD-D7EC-4F97-9631-B9E4CC2A8FD7}.Release|x64.Build.0 = Release|Any CPU
	EndGlobalSection
	GlobalSection(SolutionProperties) = preSolution
		HideSolutionNode = FALSE
	EndGlobalSection
	GlobalSection(ExtensibilityGlobals) = postSolution
		SolutionGuid = {C8219003-8B54-4368-BDB4-C3D5D1F6E602}
	EndGlobalSection
EndGlobal
